{
  "nodes": {
    "nixos-hardware": {
      "locked": {
        "lastModified": 1768756649,
        "narHash": "sha256-2KLA/BYtBmd4CGc2h3vyx488pCJ2eC8s+6VGEzIubhI=",
        "owner": "8bitbuddhist",
        "repo": "nixos-hardware",
        "rev": "df7cba636755198bda4cf366ed432797ceb7b351",
        "type": "github"
      },
      "original": {
        "owner": "8bitbuddhist",
        "ref": "surface-kernel-6.18",
        "repo": "nixos-hardware",
        "type": "github"
      }
    },
    "nixpkgs": {
      "locked": {
        "lastModified": 1768621446,
        "narHash": "sha256-6YwHV1cjv6arXdF/PQc365h1j+Qje3Pydk501Rm4Q+4=",
        "owner": "NixOS",
        "repo": "nixpkgs",
        "rev": "72ac591e737060deab2b86d6952babd1f896d7c5",
        "type": "github"
      },
      "original": {
        "owner": "NixOS",
        "ref": "nixos-25.11",
        "repo": "nixpkgs",
        "type": "github"
      }
    },
    "root": {
      "inputs": {
        "nixos-hardware": "nixos-hardware",
        "nixpkgs": "nixpkgs"
      }
    }
  },
  "root": "root",
  "version": 7
}
